
Microsoft Visual Studio Solution File, Format Version 12.00
# Visual Studio 15
VisualStudioVersion = 15.0.28307.757
MinimumVisualStudioVersion = 10.0.40219.1
Project("{8BC9CEB8-8B4A-11D0-8D11-00A0C91BC942}") = "PiaWFPCallout", "PiaWFPCallout\PiaWFPCallout.vcxproj", "{7A33B180-FA7D-4290-9EBF-DF1B87CA7582}"
EndProject
Global
	GlobalSection(SolutionConfigurationPlatforms) = preSolution
		Debug|x64 = Debug|x64
		Debug|x86 = Debug|x86
		Release|x64 = Release|x64
		Release|x86 = Release|x86
	EndGlobalSection
	GlobalSection(ProjectConfigurationPlatforms) = postSolution
		{7A33B180-FA7D-4290-9EBF-DF1B87CA7582}.Debug|x64.ActiveCfg = Debug|x64
		{7A33B180-FA7D-4290-9EBF-DF1B87CA7582}.Debug|x64.Build.0 = Debug|x64
		{7A33B180-FA7D-4290-9EBF-DF1B87CA7582}.Debug|x64.Deploy.0 = Debug|x64
		{7A33B180-FA7D-4290-9EBF-DF1B87CA7582}.Debug|x86.ActiveCfg = Debug|Win32
		{7A33B180-FA7D-4290-9EBF-DF1B87CA7582}.Debug|x86.Build.0 = Debug|Win32
		{7A33B180-FA7D-4290-9EBF-DF1B87CA7582}.Release|x64.ActiveCfg = Release|Win32
		{7A33B180-FA7D-4290-9EBF-DF1B87CA7582}.Release|x64.Build.0 = Release|Win32
		{7A33B180-FA7D-4290-9EBF-DF1B87CA7582}.Release|x64.Deploy.0 = Release|Win32
		{7A33B180-FA7D-4290-9EBF-DF1B87CA7582}.Release|x86.ActiveCfg = Release|Win32
		{7A33B180-FA7D-4290-9EBF-DF1B87CA7582}.Release|x86.Build.0 = Release|Win32
		{7A33B180-FA7D-4290-9EBF-DF1B87CA7582}.Release|x86.Deploy.0 = Release|Win32
	EndGlobalSection
	GlobalSection(SolutionProperties) = preSolution
		HideSolutionNode = FALSE
	EndGlobalSection
	GlobalSection(ExtensibilityGlobals) = postSolution
		SolutionGuid = {FE76C59B-9CD9-489D-84A3-B21DDF827114}
	EndGlobalSection
EndGlobal
